
Microsoft Visual Studio Solution File, Format Version 12.00
# Visual Studio 15
VisualStudioVersion = 15.0.27703.2042
MinimumVisualStudioVersion = 10.0.40219.1
Project("{FAE04EC0-301F-11D3-BF4B-00C04F79EFBC}") = "GuessYourNumber", "MatchYourNumber\GuessYourNumber.csproj", "{35EE5915-41A0-4530-9E97-3E9111975CDA}"
EndProject
Global
	GlobalSection(SolutionConfigurationPlatforms) = preSolution
		Debug|Any CPU = Debug|Any CPU
		Release|Any CPU = Release|Any CPU
	EndGlobalSection
	GlobalSection(ProjectConfigurationPlatforms) = postSolution
		{35EE5915-41A0-4530-9E97-3E9111975CDA}.Debug|Any CPU.ActiveCfg = Debug|Any CPU
		{35EE5915-41A0-4530-9E97-3E9111975CDA}.Debug|Any CPU.Build.0 = Debug|Any CPU
		{35EE5915-41A0-4530-9E97-3E9111975CDA}.Release|Any CPU.ActiveCfg = Release|Any CPU
		{35EE5915-41A0-4530-9E97-3E9111975CDA}.Release|Any CPU.Build.0 = Release|Any CPU
	EndGlobalSection
	GlobalSection(SolutionProperties) = preSolution
		HideSolutionNode = FALSE
	EndGlobalSection
	GlobalSection(ExtensibilityGlobals) = postSolution
		SolutionGuid = {A90E0FF0-9706-43C7-B895-AE2A565E5A2F}
	EndGlobalSection
EndGlobal
